
Microsoft Visual Studio Solution File, Format Version 12.00
# Visual Studio Version 17
VisualStudioVersion = 17.0.31903.59
MinimumVisualStudioVersion = 10.0.40219.1
Project("{2150E333-8FDC-42A3-9474-1A3956D46DE8}") = "src", "src", "{827E0CD3-B72D-47B6-A68D-7590B98EB39B}"
EndProject
Project("{FAE04EC0-301F-11D3-BF4B-00C04F79EFBC}") = "NetDisk.ClientCore", "src\NetDisk.ClientCore\NetDisk.ClientCore.csproj", "{C76FB827-F0DD-45A0-B05A-F31AA667959B}"
EndProject
Project("{FAE04EC0-301F-11D3-BF4B-00C04F79EFBC}") = "NetDisk.Transport", "src\NetDisk.Transport\NetDisk.Transport.csproj", "{38C898B0-44D8-4C98-BF22-211AB0F77EF1}"
EndProject
Project("{FAE04EC0-301F-11D3-BF4B-00C04F79EFBC}") = "NetDisk.SyncEngine", "src\NetDisk.SyncEngine\NetDisk.SyncEngine.csproj", "{9294B673-CFD1-4AC1-A801-FD5CA46C3703}"
EndProject
Project("{FAE04EC0-301F-11D3-BF4B-00C04F79EFBC}") = "NetDisk.App", "src\NetDisk.App\NetDisk.App.csproj", "{8F500133-86A3-4CBB-BA17-291F1DB87A99}"
EndProject
Project("{B7DD6F7E-DEF8-4E67-B5B7-07EF123DB6F0}") = "NetDisk.Setup", "src\NetDisk.Setup\NetDisk.Setup.wixproj", "{B17CB86A-AAFE-4E92-8F6F-CF4F0619D8B2}"
EndProject
Global
	GlobalSection(SolutionConfigurationPlatforms) = preSolution
		Debug|Any CPU = Debug|Any CPU
		Debug|x64 = Debug|x64
		Debug|x86 = Debug|x86
		Release|Any CPU = Release|Any CPU
		Release|x64 = Release|x64
		Release|x86 = Release|x86
	EndGlobalSection
	GlobalSection(ProjectConfigurationPlatforms) = postSolution
		{C76FB827-F0DD-45A0-B05A-F31AA667959B}.Debug|Any CPU.ActiveCfg = Debug|Any CPU
		{C76FB827-F0DD-45A0-B05A-F31AA667959B}.Debug|Any CPU.Build.0 = Debug|Any CPU
		{C76FB827-F0DD-45A0-B05A-F31AA667959B}.Debug|x64.ActiveCfg = Debug|Any CPU
		{C76FB827-F0DD-45A0-B05A-F31AA667959B}.Debug|x64.Build.0 = Debug|Any CPU
		{C76FB827-F0DD-45A0-B05A-F31AA667959B}.Debug|x86.ActiveCfg = Debug|Any CPU
		{C76FB827-F0DD-45A0-B05A-F31AA667959B}.Debug|x86.Build.0 = Debug|Any CPU
		{C76FB827-F0DD-45A0-B05A-F31AA667959B}.Release|Any CPU.ActiveCfg = Release|Any CPU
		{C76FB827-F0DD-45A0-B05A-F31AA667959B}.Release|Any CPU.Build.0 = Release|Any CPU
		{C76FB827-F0DD-45A0-B05A-F31AA667959B}.Release|x64.ActiveCfg = Release|Any CPU
		{C76FB827-F0DD-45A0-B05A-F31AA667959B}.Release|x64.Build.0 = Release|Any CPU
		{C76FB827-F0DD-45A0-B05A-F31AA667959B}.Release|x86.ActiveCfg = Release|Any CPU
		{C76FB827-F0DD-45A0-B05A-F31AA667959B}.Release|x86.Build.0 = Release|Any CPU
		{38C898B0-44D8-4C98-BF22-211AB0F77EF1}.Debug|Any CPU.ActiveCfg = Debug|Any CPU
		{38C898B0-44D8-4C98-BF22-211AB0F77EF1}.Debug|Any CPU.Build.0 = Debug|Any CPU
		{38C898B0-44D8-4C98-BF22-211AB0F77EF1}.Debug|x64.ActiveCfg = Debug|Any CPU
		{38C898B0-44D8-4C98-BF22-211AB0F77EF1}.Debug|x64.Build.0 = Debug|Any CPU
		{38C898B0-44D8-4C98-BF22-211AB0F77EF1}.Debug|x86.ActiveCfg = Debug|Any CPU
		{38C898B0-44D8-4C98-BF22-211AB0F77EF1}.Debug|x86.Build.0 = Debug|Any CPU
		{38C898B0-44D8-4C98-BF22-211AB0F77EF1}.Release|Any CPU.ActiveCfg = Release|Any CPU
		{38C898B0-44D8-4C98-BF22-211AB0F77EF1}.Release|Any CPU.Build.0 = Release|Any CPU
		{38C898B0-44D8-4C98-BF22-211AB0F77EF1}.Release|x64.ActiveCfg = Release|Any CPU
		{38C898B0-44D8-4C98-BF22-211AB0F77EF1}.Release|x64.Build.0 = Release|Any CPU
		{38C898B0-44D8-4C98-BF22-211AB0F77EF1}.Release|x86.ActiveCfg = Release|Any CPU
		{38C898B0-44D8-4C98-BF22-211AB0F77EF1}.Release|x86.Build.0 = Release|Any CPU
		{9294B673-CFD1-4AC1-A801-FD5CA46C3703}.Debug|Any CPU.ActiveCfg = Debug|Any CPU
		{9294B673-CFD1-4AC1-A801-FD5CA46C3703}.Debug|Any CPU.Build.0 = Debug|Any CPU
		{9294B673-CFD1-4AC1-A801-FD5CA46C3703}.Debug|x64.ActiveCfg = Debug|Any CPU
		{9294B673-CFD1-4AC1-A801-FD5CA46C3703}.Debug|x64.Build.0 = Debug|Any CPU
		{9294B673-CFD1-4AC1-A801-FD5CA46C3703}.Debug|x86.ActiveCfg = Debug|Any CPU
		{9294B673-CFD1-4AC1-A801-FD5CA46C3703}.Debug|x86.Build.0 = Debug|Any CPU
		{9294B673-CFD1-4AC1-A801-FD5CA46C3703}.Release|Any CPU.ActiveCfg = Release|Any CPU
		{9294B673-CFD1-4AC1-A801-FD5CA46C3703}.Release|Any CPU.Build.0 = Release|Any CPU
		{9294B673-CFD1-4AC1-A801-FD5CA46C3703}.Release|x64.ActiveCfg = Release|Any CPU
		{9294B673-CFD1-4AC1-A801-FD5CA46C3703}.Release|x64.Build.0 = Release|Any CPU
		{9294B673-CFD1-4AC1-A801-FD5CA46C3703}.Release|x86.ActiveCfg = Release|Any CPU
		{9294B673-CFD1-4AC1-A801-FD5CA46C3703}.Release|x86.Build.0 = Release|Any CPU
		{8F500133-86A3-4CBB-BA17-291F1DB87A99}.Debug|Any CPU.ActiveCfg = Debug|Any CPU
		{8F500133-86A3-4CBB-BA17-291F1DB87A99}.Debug|Any CPU.Build.0 = Debug|Any CPU
		{8F500133-86A3-4CBB-BA17-291F1DB87A99}.Debug|x64.ActiveCfg = Debug|Any CPU
		{8F500133-86A3-4CBB-BA17-291F1DB87A99}.Debug|x64.Build.0 = Debug|Any CPU
		{8F500133-86A3-4CBB-BA17-291F1DB87A99}.Debug|x86.ActiveCfg = Debug|Any CPU
		{8F500133-86A3-4CBB-BA17-291F1DB87A99}.Debug|x86.Build.0 = Debug|Any CPU
		{8F500133-86A3-4CBB-BA17-291F1DB87A99}.Release|Any CPU.ActiveCfg = Release|Any CPU
		{8F500133-86A3-4CBB-BA17-291F1DB87A99}.Release|Any CPU.Build.0 = Release|Any CPU
		{8F500133-86A3-4CBB-BA17-291F1DB87A99}.Release|x64.ActiveCfg = Release|Any CPU
		{8F500133-86A3-4CBB-BA17-291F1DB87A99}.Release|x64.Build.0 = Release|Any CPU
		{8F500133-86A3-4CBB-BA17-291F1DB87A99}.Release|x86.ActiveCfg = Release|Any CPU
		{8F500133-86A3-4CBB-BA17-291F1DB87A99}.Release|x86.Build.0 = Release|Any CPU
		{B17CB86A-AAFE-4E92-8F6F-CF4F0619D8B2}.Debug|Any CPU.ActiveCfg = Debug|Any CPU
		{B17CB86A-AAFE-4E92-8F6F-CF4F0619D8B2}.Debug|Any CPU.Build.0 = Debug|Any CPU
		{B17CB86A-AAFE-4E92-8F6F-CF4F0619D8B2}.Debug|x64.ActiveCfg = Debug|Any CPU
		{B17CB86A-AAFE-4E92-8F6F-CF4F0619D8B2}.Debug|x64.Build.0 = Debug|Any CPU
		{B17CB86A-AAFE-4E92-8F6F-CF4F0619D8B2}.Debug|x86.ActiveCfg = Debug|Any CPU
		{B17CB86A-AAFE-4E92-8F6F-CF4F0619D8B2}.Debug|x86.Build.0 = Debug|Any CPU
		{B17CB86A-AAFE-4E92-8F6F-CF4F0619D8B2}.Release|Any CPU.ActiveCfg = Release|Any CPU
		{B17CB86A-AAFE-4E92-8F6F-CF4F0619D8B2}.Release|Any CPU.Build.0 = Release|Any CPU
		{B17CB86A-AAFE-4E92-8F6F-CF4F0619D8B2}.Release|x64.ActiveCfg = Release|Any CPU
		{B17CB86A-AAFE-4E92-8F6F-CF4F0619D8B2}.Release|x64.Build.0 = Release|Any CPU
		{B17CB86A-AAFE-4E92-8F6F-CF4F0619D8B2}.Release|x86.ActiveCfg = Release|Any CPU
		{B17CB86A-AAFE-4E92-8F6F-CF4F0619D8B2}.Release|x86.Build.0 = Release|Any CPU
	EndGlobalSection
	GlobalSection(SolutionProperties) = preSolution
		HideSolutionNode = FALSE
	EndGlobalSection
	GlobalSection(NestedProjects) = preSolution
		{C76FB827-F0DD-45A0-B05A-F31AA667959B} = {827E0CD3-B72D-47B6-A68D-7590B98EB39B}
		{38C898B0-44D8-4C98-BF22-211AB0F77EF1} = {827E0CD3-B72D-47B6-A68D-7590B98EB39B}
		{9294B673-CFD1-4AC1-A801-FD5CA46C3703} = {827E0CD3-B72D-47B6-A68D-7590B98EB39B}
		{8F500133-86A3-4CBB-BA17-291F1DB87A99} = {827E0CD3-B72D-47B6-A68D-7590B98EB39B}
		{B17CB86A-AAFE-4E92-8F6F-CF4F0619D8B2} = {827E0CD3-B72D-47B6-A68D-7590B98EB39B}
	EndGlobalSection
EndGlobal
